
Microsoft Visual Studio Solution File, Format Version 12.00
# Visual Studio Version 16
VisualStudioVersion = 16.0.30309.148
MinimumVisualStudioVersion = 10.0.40219.1
Project("{FAE04EC0-301F-11D3-BF4B-00C04F79EFBC}") = "CollectionsViewDemo.UWP", "CollectionsViewDemo.UWP\CollectionsViewDemo.UWP.csproj", "{4D24A839-B127-438E-AD74-5D7B2EAB7F66}"
EndProject
Project("{FAE04EC0-301F-11D3-BF4B-00C04F79EFBC}") = "CollectionsViewDemo.Android", "CollectionsViewDemo.Android\CollectionsViewDemo.Android.csproj", "{406A29A2-BFCC-4A09-AD2E-224B995F2842}"
EndProject
Project("{FAE04EC0-301F-11D3-BF4B-00C04F79EFBC}") = "CollectionsViewDemo.iOS", "CollectionsViewDemo.iOS\CollectionsViewDemo.iOS.csproj", "{FE32DD08-4224-459E-99BB-133D1831144B}"
EndProject
Project("{FAE04EC0-301F-11D3-BF4B-00C04F79EFBC}") = "CollectionsViewDemo", "CollectionsViewDemo\CollectionsViewDemo.csproj", "{C681D500-D3E7-4B2A-85B9-9DD48199070D}"
EndProject
Global
	GlobalSection(SolutionConfigurationPlatforms) = preSolution
		Debug|Any CPU = Debug|Any CPU
		Debug|ARM = Debug|ARM
		Debug|iPhone = Debug|iPhone
		Debug|iPhoneSimulator = Debug|iPhoneSimulator
		Debug|x64 = Debug|x64
		Debug|x86 = Debug|x86
		Release|Any CPU = Release|Any CPU
		Release|ARM = Release|ARM
		Release|iPhone = Release|iPhone
		Release|iPhoneSimulator = Release|iPhoneSimulator
		Release|x64 = Release|x64
		Release|x86 = Release|x86
	EndGlobalSection
	GlobalSection(ProjectConfigurationPlatforms) = postSolution
		{4D24A839-B127-438E-AD74-5D7B2EAB7F66}.Debug|Any CPU.ActiveCfg = Debug|x86
		{4D24A839-B127-438E-AD74-5D7B2EAB7F66}.Debug|Any CPU.Build.0 = Debug|x86
		{4D24A839-B127-438E-AD74-5D7B2EAB7F66}.Debug|Any CPU.Deploy.0 = Debug|x86
		{4D24A839-B127-438E-AD74-5D7B2EAB7F66}.Debug|ARM.ActiveCfg = Debug|ARM
		{4D24A839-B127-438E-AD74-5D7B2EAB7F66}.Debug|ARM.Build.0 = Debug|ARM
		{4D24A839-B127-438E-AD74-5D7B2EAB7F66}.Debug|ARM.Deploy.0 = Debug|ARM
		{4D24A839-B127-438E-AD74-5D7B2EAB7F66}.Debug|iPhone.ActiveCfg = Debug|x86
		{4D24A839-B127-438E-AD74-5D7B2EAB7F66}.Debug|iPhone.Build.0 = Debug|x86
		{4D24A839-B127-438E-AD74-5D7B2EAB7F66}.Debug|iPhone.Deploy.0 = Debug|x86
		{4D24A839-B127-438E-AD74-5D7B2EAB7F66}.Debug|iPhoneSimulator.ActiveCfg = Debug|x86
		{4D24A839-B127-438E-AD74-5D7B2EAB7F66}.Debug|iPhoneSimulator.Build.0 = Debug|x86
		{4D24A839-B127-438E-AD74-5D7B2EAB7F66}.Debug|iPhoneSimulator.Deploy.0 = Debug|x86
		{4D24A839-B127-438E-AD74-5D7B2EAB7F66}.Debug|x64.ActiveCfg = Debug|x64
		{4D24A839-B127-438E-AD74-5D7B2EAB7F66}.Debug|x64.Build.0 = Debug|x64
		{4D24A839-B127-438E-AD74-5D7B2EAB7F66}.Debug|x64.Deploy.0 = Debug|x64
		{4D24A839-B127-438E-AD74-5D7B2EAB7F66}.Debug|x86.ActiveCfg = Debug|x86
		{4D24A839-B127-438E-AD74-5D7B2EAB7F66}.Debug|x86.Build.0 = Debug|x86
		{4D24A839-B127-438E-AD74-5D7B2EAB7F66}.Debug|x86.Deploy.0 = Debug|x86
		{4D24A839-B127-438E-AD74-5D7B2EAB7F66}.Release|Any CPU.ActiveCfg = Release|x86
		{4D24A839-B127-438E-AD74-5D7B2EAB7F66}.Release|Any CPU.Build.0 = Release|x86
		{4D24A839-B127-438E-AD74-5D7B2EAB7F66}.Release|Any CPU.Deploy.0 = Release|x86
		{4D24A839-B127-438E-AD74-5D7B2EAB7F66}.Release|ARM.ActiveCfg = Release|ARM
		{4D24A839-B127-438E-AD74-5D7B2EAB7F66}.Release|ARM.Build.0 = Release|ARM
		{4D24A839-B127-438E-AD74-5D7B2EAB7F66}.Release|ARM.Deploy.0 = Release|ARM
		{4D24A839-B127-438E-AD74-5D7B2EAB7F66}.Release|iPhone.ActiveCfg = Release|x86
		{4D24A839-B127-438E-AD74-5D7B2EAB7F66}.Release|iPhone.Build.0 = Release|x86
		{4D24A839-B127-438E-AD74-5D7B2EAB7F66}.Release|iPhone.Deploy.0 = Release|x86
		{4D24A839-B127-438E-AD74-5D7B2EAB7F66}.Release|iPhoneSimulator.ActiveCfg = Release|x86
		{4D24A839-B127-438E-AD74-5D7B2EAB7F66}.Release|iPhoneSimulator.Build.0 = Release|x86
		{4D24A839-B127-438E-AD74-5D7B2EAB7F66}.Release|iPhoneSimulator.Deploy.0 = Release|x86
		{4D24A839-B127-438E-AD74-5D7B2EAB7F66}.Release|x64.ActiveCfg = Release|x64
		{4D24A839-B127-438E-AD74-5D7B2EAB7F66}.Release|x64.Build.0 = Release|x64
		{4D24A839-B127-438E-AD74-5D7B2EAB7F66}.Release|x64.Deploy.0 = Release|x64
		{4D24A839-B127-438E-AD74-5D7B2EAB7F66}.Release|x86.ActiveCfg = Release|x86
		{4D24A839-B127-438E-AD74-5D7B2EAB7F66}.Release|x86.Build.0 = Release|x86
		{4D24A839-B127-438E-AD74-5D7B2EAB7F66}.Release|x86.Deploy.0 = Release|x86
		{406A29A2-BFCC-4A09-AD2E-224B995F2842}.Debug|Any CPU.ActiveCfg = Debug|Any CPU
		{406A29A2-BFCC-4A09-AD2E-224B995F2842}.Debug|Any CPU.Build.0 = Debug|Any CPU
		{406A29A2-BFCC-4A09-AD2E-224B995F2842}.Debug|Any CPU.Deploy.0 = Debug|Any CPU
		{406A29A2-BFCC-4A09-AD2E-224B995F2842}.Debug|ARM.ActiveCfg = Debug|Any CPU
		{406A29A2-BFCC-4A09-AD2E-224B995F2842}.Debug|ARM.Build.0 = Debug|Any CPU
		{406A29A2-BFCC-4A09-AD2E-224B995F2842}.Debug|ARM.Deploy.0 = Debug|Any CPU
		{406A29A2-BFCC-4A09-AD2E-224B995F2842}.Debug|iPhone.ActiveCfg = Debug|Any CPU
		{406A29A2-BFCC-4A09-AD2E-224B995F2842}.Debug|iPhone.Build.0 = Debug|Any CPU
		{406A29A2-BFCC-4A09-AD2E-224B995F2842}.Debug|iPhone.Deploy.0 = Debug|Any CPU
		{406A29A2-BFCC-4A09-AD2E-224B995F2842}.Debug|iPhoneSimulator.ActiveCfg = Debug|Any CPU
		{406A29A2-BFCC-4A09-AD2E-224B995F2842}.Debug|iPhoneSimulator.Build.0 = Debug|Any CPU
		{406A29A2-BFCC-4A09-AD2E-224B995F2842}.Debug|iPhoneSimulator.Deploy.0 = Debug|Any CPU
		{406A29A2-BFCC-4A09-AD2E-224B995F2842}.Debug|x64.ActiveCfg = Debug|Any CPU
		{406A29A2-BFCC-4A09-AD2E-224B995F2842}.Debug|x64.Build.0 = Debug|Any CPU
		{406A29A2-BFCC-4A09-AD2E-224B995F2842}.Debug|x64.Deploy.0 = Debug|Any CPU
		{406A29A2-BFCC-4A09-AD2E-224B995F2842}.Debug|x86.ActiveCfg = Debug|Any CPU
		{406A29A2-BFCC-4A09-AD2E-224B995F2842}.Debug|x86.Build.0 = Debug|Any CPU
		{406A29A2-BFCC-4A09-AD2E-224B995F2842}.Debug|x86.Deploy.0 = Debug|Any CPU
		{406A29A2-BFCC-4A09-AD2E-224B995F2842}.Release|Any CPU.ActiveCfg = Release|Any CPU
		{406A29A2-BFCC-4A09-AD2E-224B995F2842}.Release|Any CPU.Build.0 = Release|Any CPU
		{406A29A2-BFCC-4A09-AD2E-224B995F2842}.Release|Any CPU.Deploy.0 = Release|Any CPU
		{406A29A2-BFCC-4A09-AD2E-224B995F2842}.Release|ARM.ActiveCfg = Release|Any CPU
		{406A29A2-BFCC-4A09-AD2E-224B995F2842}.Release|ARM.Build.0 = Release|Any CPU
		{406A29A2-BFCC-4A09-AD2E-224B995F2842}.Release|ARM.Deploy.0 = Release|Any CPU
		{406A29A2-BFCC-4A09-AD2E-224B995F2842}.Release|iPhone.ActiveCfg = Release|Any CPU
		{406A29A2-BFCC-4A09-AD2E-224B995F2842}.Release|iPhone.Build.0 = Release|Any CPU
		{406A29A2-BFCC-4A09-AD2E-224B995F2842}.Release|iPhone.Deploy.0 = Release|Any CPU
		{406A29A2-BFCC-4A09-AD2E-224B995F2842}.Release|iPhoneSimulator.ActiveCfg = Release|Any CPU
		{406A29A2-BFCC-4A09-AD2E-224B995F2842}.Release|iPhoneSimulator.Build.0 = Release|Any CPU
		{406A29A2-BFCC-4A09-AD2E-224B995F2842}.Release|iPhoneSimulator.Deploy.0 = Release|Any CPU
		{406A29A2-BFCC-4A09-AD2E-224B995F2842}.Release|x64.ActiveCfg = Release|Any CPU
		{406A29A2-BFCC-4A09-AD2E-224B995F2842}.Release|x64.Build.0 = Release|Any CPU
		{406A29A2-BFCC-4A09-AD2E-224B995F2842}.Release|x64.Deploy.0 = Release|Any CPU
		{406A29A2-BFCC-4A09-AD2E-224B995F2842}.Release|x86.ActiveCfg = Release|Any CPU
		{406A29A2-BFCC-4A09-AD2E-224B995F2842}.Release|x86.Build.0 = Release|Any CPU
		{406A29A2-BFCC-4A09-AD2E-224B995F2842}.Release|x86.Deploy.0 = Release|Any CPU
		{FE32DD08-4224-459E-99BB-133D1831144B}.Debug|Any CPU.ActiveCfg = Debug|iPhone
		{FE32DD08-4224-459E-99BB-133D1831144B}.Debug|Any CPU.Build.0 = Debug|iPhone
		{FE32DD08-4224-459E-99BB-133D1831144B}.Debug|Any CPU.Deploy.0 = Debug|iPhone
		{FE32DD08-4224-459E-99BB-133D1831144B}.Debug|ARM.ActiveCfg = Debug|iPhone
		{FE32DD08-4224-459E-99BB-133D1831144B}.Debug|ARM.Build.0 = Debug|iPhone
		{FE32DD08-4224-459E-99BB-133D1831144B}.Debug|ARM.Deploy.0 = Debug|iPhone
		{FE32DD08-4224-459E-99BB-133D1831144B}.Debug|iPhone.ActiveCfg = Debug|iPhone
		{FE32DD08-4224-459E-99BB-133D1831144B}.Debug|iPhone.Build.0 = Debug|iPhone
		{FE32DD08-4224-459E-99BB-133D1831144B}.Debug|iPhone.Deploy.0 = Debug|iPhone
		{FE32DD08-4224-459E-99BB-133D1831144B}.Debug|iPhoneSimulator.ActiveCfg = Debug|iPhoneSimulator
		{FE32DD08-4224-459E-99BB-133D1831144B}.Debug|iPhoneSimulator.Build.0 = Debug|iPhoneSimulator
		{FE32DD08-4224-459E-99BB-133D1831144B}.Debug|iPhoneSimulator.Deploy.0 = Debug|iPhoneSimulator
		{FE32DD08-4224-459E-99BB-133D1831144B}.Debug|x64.ActiveCfg = Debug|iPhone
		{FE32DD08-4224-459E-99BB-133D1831144B}.Debug|x64.Build.0 = Debug|iPhone
		{FE32DD08-4224-459E-99BB-133D1831144B}.Debug|x64.Deploy.0 = Debug|iPhone
		{FE32DD08-4224-459E-99BB-133D1831144B}.Debug|x86.ActiveCfg = Debug|iPhone
		{FE32DD08-4224-459E-99BB-133D1831144B}.Debug|x86.Build.0 = Debug|iPhone
		{FE32DD08-4224-459E-99BB-133D1831144B}.Debug|x86.Deploy.0 = Debug|iPhone
		{FE32DD08-4224-459E-99BB-133D1831144B}.Release|Any CPU.ActiveCfg = Release|iPhone
		{FE32DD08-4224-459E-99BB-133D1831144B}.Release|Any CPU.Build.0 = Release|iPhone
		{FE32DD08-4224-459E-99BB-133D1831144B}.Release|Any CPU.Deploy.0 = Release|iPhone
		{FE32DD08-4224-459E-99BB-133D1831144B}.Release|ARM.ActiveCfg = Release|iPhone
		{FE32DD08-4224-459E-99BB-133D1831144B}.Release|ARM.Build.0 = Release|iPhone
		{FE32DD08-4224-459E-99BB-133D1831144B}.Release|ARM.Deploy.0 = Release|iPhone
		{FE32DD08-4224-459E-99BB-133D1831144B}.Release|iPhone.ActiveCfg = Release|iPhone
		{FE32DD08-4224-459E-99BB-133D1831144B}.Release|iPhone.Build.0 = Release|iPhone
		{FE32DD08-4224-459E-99BB-133D1831144B}.Release|iPhone.Deploy.0 = Release|iPhone
		{FE32DD08-4224-459E-99BB-133D1831144B}.Release|iPhoneSimulator.ActiveCfg = Release|iPhoneSimulator
		{FE32DD08-4224-459E-99BB-133D1831144B}.Release|iPhoneSimulator.Build.0 = Release|iPhoneSimulator
		{FE32DD08-4224-459E-99BB-133D1831144B}.Release|iPhoneSimulator.Deploy.0 = Release|iPhoneSimulator
		{FE32DD08-4224-459E-99BB-133D1831144B}.Release|x64.ActiveCfg = Release|iPhone
		{FE32DD08-4224-459E-99BB-133D1831144B}.Release|x64.Build.0 = Release|iPhone
		{FE32DD08-4224-459E-99BB-133D1831144B}.Release|x64.Deploy.0 = Release|iPhone
		{FE32DD08-4224-459E-99BB-133D1831144B}.Release|x86.ActiveCfg = Release|iPhone
		{FE32DD08-4224-459E-99BB-133D1831144B}.Release|x86.Build.0 = Release|iPhone
		{FE32DD08-4224-459E-99BB-133D1831144B}.Release|x86.Deploy.0 = Release|iPhone
		{C681D500-D3E7-4B2A-85B9-9DD48199070D}.Debug|Any CPU.ActiveCfg = Debug|Any CPU
		{C681D500-D3E7-4B2A-85B9-9DD48199070D}.Debug|Any CPU.Build.0 = Debug|Any CPU
		{C681D500-D3E7-4B2A-85B9-9DD48199070D}.Debug|Any CPU.Deploy.0 = Debug|Any CPU
		{C681D500-D3E7-4B2A-85B9-9DD48199070D}.Debug|ARM.ActiveCfg = Debug|Any CPU
		{C681D500-D3E7-4B2A-85B9-9DD48199070D}.Debug|ARM.Build.0 = Debug|Any CPU
		{C681D500-D3E7-4B2A-85B9-9DD48199070D}.Debug|ARM.Deploy.0 = Debug|Any CPU
		{C681D500-D3E7-4B2A-85B9-9DD48199070D}.Debug|iPhone.ActiveCfg = Debug|Any CPU
		{C681D500-D3E7-4B2A-85B9-9DD48199070D}.Debug|iPhone.Build.0 = Debug|Any CPU
		{C681D500-D3E7-4B2A-85B9-9DD48199070D}.Debug|iPhone.Deploy.0 = Debug|Any CPU
		{C681D500-D3E7-4B2A-85B9-9DD48199070D}.Debug|iPhoneSimulator.ActiveCfg = Debug|Any CPU
		{C681D500-D3E7-4B2A-85B9-9DD48199070D}.Debug|iPhoneSimulator.Build.0 = Debug|Any CPU
		{C681D500-D3E7-4B2A-85B9-9DD48199070D}.Debug|iPhoneSimulator.Deploy.0 = Debug|Any CPU
		{C681D500-D3E7-4B2A-85B9-9DD48199070D}.Debug|x64.ActiveCfg = Debug|Any CPU
		{C681D500-D3E7-4B2A-85B9-9DD48199070D}.Debug|x64.Build.0 = Debug|Any CPU
		{C681D500-D3E7-4B2A-85B9-9DD48199070D}.Debug|x64.Deploy.0 = Debug|Any CPU
		{C681D500-D3E7-4B2A-85B9-9DD48199070D}.Debug|x86.ActiveCfg = Debug|Any CPU
		{C681D500-D3E7-4B2A-85B9-9DD48199070D}.Debug|x86.Build.0 = Debug|Any CPU
		{C681D500-D3E7-4B2A-85B9-9DD48199070D}.Debug|x86.Deploy.0 = Debug|Any CPU
		{C681D500-D3E7-4B2A-85B9-9DD48199070D}.Release|Any CPU.ActiveCfg = Release|Any CPU
		{C681D500-D3E7-4B2A-85B9-9DD48199070D}.Release|Any CPU.Build.0 = Release|Any CPU
		{C681D500-D3E7-4B2A-85B9-9DD48199070D}.Release|Any CPU.Deploy.0 = Release|Any CPU
		{C681D500-D3E7-4B2A-85B9-9DD48199070D}.Release|ARM.ActiveCfg = Release|Any CPU
		{C681D500-D3E7-4B2A-85B9-9DD48199070D}.Release|ARM.Build.0 = Release|Any CPU
		{C681D500-D3E7-4B2A-85B9-9DD48199070D}.Release|ARM.Deploy.0 = Release|Any CPU
		{C681D500-D3E7-4B2A-85B9-9DD48199070D}.Release|iPhone.ActiveCfg = Release|Any CPU
		{C681D500-D3E7-4B2A-85B9-9DD48199070D}.Release|iPhone.Build.0 = Release|Any CPU
		{C681D500-D3E7-4B2A-85B9-9DD48199070D}.Release|iPhone.Deploy.0 = Release|Any CPU
		{C681D500-D3E7-4B2A-85B9-9DD48199070D}.Release|iPhoneSimulator.ActiveCfg = Release|Any CPU
		{C681D500-D3E7-4B2A-85B9-9DD48199070D}.Release|iPhoneSimulator.Build.0 = Release|Any CPU
		{C681D500-D3E7-4B2A-85B9-9DD48199070D}.Release|iPhoneSimulator.Deploy.0 = Release|Any CPU
		{C681D500-D3E7-4B2A-85B9-9DD48199070D}.Release|x64.ActiveCfg = Release|Any CPU
		{C681D500-D3E7-4B2A-85B9-9DD48199070D}.Release|x64.Build.0 = Release|Any CPU
		{C681D500-D3E7-4B2A-85B9-9DD48199070D}.Release|x64.Deploy.0 = Release|Any CPU
		{C681D500-D3E7-4B2A-85B9-9DD48199070D}.Release|x86.ActiveCfg = Release|Any CPU
		{C681D500-D3E7-4B2A-85B9-9DD48199070D}.Release|x86.Build.0 = Release|Any CPU
		{C681D500-D3E7-4B2A-85B9-9DD48199070D}.Release|x86.Deploy.0 = Release|Any CPU
	EndGlobalSection
	GlobalSection(SolutionProperties) = preSolution
		HideSolutionNode = FALSE
	EndGlobalSection
	GlobalSection(ExtensibilityGlobals) = postSolution
		SolutionGuid = {5867EF99-A3E5-4CD7-B752-6CCF28EB41D3}
	EndGlobalSection
EndGlobal
